
Microsoft Visual Studio Solution File, Format Version 12.00
# Visual Studio Version 17
VisualStudioVersion = 17.7.34221.43
MinimumVisualStudioVersion = 10.0.40219.1
Project("{9A19103F-16F7-4668-BE54-9A1E7A4F7556}") = "Tindorium.API", "Tindorium.API.csproj", "{2F74499F-1DB2-402D-98DC-5CA94B7C0A0A}"
	ProjectSection(ProjectDependencies) = postProject
		{CC5FA5A7-374D-4D48-B069-FC26375F6667} = {CC5FA5A7-374D-4D48-B069-FC26375F6667}
	EndProjectSection
EndProject
Project("{9A19103F-16F7-4668-BE54-9A1E7A4F7556}") = "Tindorium.Data", "..\Tindorium.Data\Tindorium.Data.csproj", "{CC5FA5A7-374D-4D48-B069-FC26375F6667}"
EndProject
Global
	GlobalSection(SolutionConfigurationPlatforms) = preSolution
		Debug|Any CPU = Debug|Any CPU
		Release|Any CPU = Release|Any CPU
	EndGlobalSection
	GlobalSection(ProjectConfigurationPlatforms) = postSolution
		{2F74499F-1DB2-402D-98DC-5CA94B7C0A0A}.Debug|Any CPU.ActiveCfg = Debug|Any CPU
		{2F74499F-1DB2-402D-98DC-5CA94B7C0A0A}.Debug|Any CPU.Build.0 = Debug|Any CPU
		{2F74499F-1DB2-402D-98DC-5CA94B7C0A0A}.Release|Any CPU.ActiveCfg = Release|Any CPU
		{2F74499F-1DB2-402D-98DC-5CA94B7C0A0A}.Release|Any CPU.Build.0 = Release|Any CPU
		{CC5FA5A7-374D-4D48-B069-FC26375F6667}.Debug|Any CPU.ActiveCfg = Debug|Any CPU
		{CC5FA5A7-374D-4D48-B069-FC26375F6667}.Debug|Any CPU.Build.0 = Debug|Any CPU
		{CC5FA5A7-374D-4D48-B069-FC26375F6667}.Release|Any CPU.ActiveCfg = Release|Any CPU
		{CC5FA5A7-374D-4D48-B069-FC26375F6667}.Release|Any CPU.Build.0 = Release|Any CPU
	EndGlobalSection
	GlobalSection(SolutionProperties) = preSolution
		HideSolutionNode = FALSE
	EndGlobalSection
	GlobalSection(ExtensibilityGlobals) = postSolution
		SolutionGuid = {B80B9B6C-3DC2-464C-8024-CBF6D7FFF75B}
	EndGlobalSection
EndGlobal
